
Microsoft Visual Studio Solution File, Format Version 12.00
# Visual Studio Version 17
VisualStudioVersion = 17.4.32916.344
MinimumVisualStudioVersion = 10.0.40219.1
Project("{9A19103F-16F7-4668-BE54-9A1E7A4F7556}") = "CSquared", "CSquared\CSquared.csproj", "{61458CA0-2593-4B1C-867A-D78C61FBAF0F}"
EndProject
Project("{9A19103F-16F7-4668-BE54-9A1E7A4F7556}") = "Tests", "Tests\Tests.csproj", "{6424DC40-2CB3-4194-AFC2-230407C34DA0}"
EndProject
Global
	GlobalSection(SolutionConfigurationPlatforms) = preSolution
		Debug|Any CPU = Debug|Any CPU
		Release|Any CPU = Release|Any CPU
	EndGlobalSection
	GlobalSection(ProjectConfigurationPlatforms) = postSolution
		{61458CA0-2593-4B1C-867A-D78C61FBAF0F}.Debug|Any CPU.ActiveCfg = Debug|Any CPU
		{61458CA0-2593-4B1C-867A-D78C61FBAF0F}.Debug|Any CPU.Build.0 = Debug|Any CPU
		{61458CA0-2593-4B1C-867A-D78C61FBAF0F}.Release|Any CPU.ActiveCfg = Release|Any CPU
		{61458CA0-2593-4B1C-867A-D78C61FBAF0F}.Release|Any CPU.Build.0 = Release|Any CPU
		{6424DC40-2CB3-4194-AFC2-230407C34DA0}.Debug|Any CPU.ActiveCfg = Debug|Any CPU
		{6424DC40-2CB3-4194-AFC2-230407C34DA0}.Debug|Any CPU.Build.0 = Debug|Any CPU
		{6424DC40-2CB3-4194-AFC2-230407C34DA0}.Release|Any CPU.ActiveCfg = Release|Any CPU
		{6424DC40-2CB3-4194-AFC2-230407C34DA0}.Release|Any CPU.Build.0 = Release|Any CPU
	EndGlobalSection
	GlobalSection(SolutionProperties) = preSolution
		HideSolutionNode = FALSE
	EndGlobalSection
	GlobalSection(ExtensibilityGlobals) = postSolution
		SolutionGuid = {D72925BC-EE9C-4629-9802-40EE7298E852}
	EndGlobalSection
EndGlobal
